github.com/trickstertwo/xclock v0.0.1 h1:vyVAsMxBTB5AnEkGexKLBEERmscc+bzb9UxxrNrB50M=
github.com/trickstertwo/xclock v0.0.1/go.mod h1:H6U+tXis+3EeClZ+rcBgPqNYnWRwcESp5lWGJqK+ZJ8=
github.com/trickstertwo/xlog v0.0.1 h1:8/bN/yiHYYnkdNjXX2njaO93DAG6Vakom7MksfiKr5Q=
github.com/trickstertwo/xlog v0.0.1/go.mod h1:TY2tu2T4pA/ATVQomZ/l2VN1ZZn5QjpfHpp6+YBGOs4=
