github.com/trickstertwo/xclock v0.0.7 h1:yBMTFT8bt1AoAYgHTjVvpHE/Vtk6aUS1909RWTgwmh0=
github.com/trickstertwo/xclock v0.0.7/go.mod h1:H6U+tXis+3EeClZ+rcBgPqNYnWRwcESp5lWGJqK+ZJ8=
github.com/trickstertwo/xlog v0.0.2 h1:GnwVXaXvx8WfjDEpSaaPtemjBuosDbmIpj7cuF8osuE=
github.com/trickstertwo/xlog v0.0.2/go.mod h1:C5famIiZR+ZEfy0QGf3fCoPyCW8LZRVD4dEELstaYcY=
